
Microsoft Visual Studio Solution File, Format Version 12.00
# Visual Studio Version 17
VisualStudioVersion = 17.14.36401.2 d17.14
MinimumVisualStudioVersion = 10.0.40219.1
Project("{D2ABAB84-BF74-430A-B69E-9DC6D40DDA17}") = "SSAS_Hydraulic_Sales", "SSAS_Hydraulic_Sales\SSAS_Hydraulic_Sales.dwproj", "{D73FF6CE-66BF-F006-4E54-7405D5D6EFBF}"
EndProject
Global
	GlobalSection(SolutionConfigurationPlatforms) = preSolution
		Development|Default = Development|Default
	EndGlobalSection
	GlobalSection(ProjectConfigurationPlatforms) = postSolution
		{D73FF6CE-66BF-F006-4E54-7405D5D6EFBF}.Development|Default.ActiveCfg = Development
		{D73FF6CE-66BF-F006-4E54-7405D5D6EFBF}.Development|Default.Build.0 = Development
		{D73FF6CE-66BF-F006-4E54-7405D5D6EFBF}.Development|Default.Deploy.0 = Development
	EndGlobalSection
	GlobalSection(SolutionProperties) = preSolution
		HideSolutionNode = FALSE
	EndGlobalSection
	GlobalSection(ExtensibilityGlobals) = postSolution
		SolutionGuid = {D38227D6-150D-4DB6-86AD-BC4EB4417535}
	EndGlobalSection
EndGlobal
